
Microsoft Visual Studio Solution File, Format Version 12.00
# Visual Studio 15
Project("{FAE04EC0-301F-11D3-BF4B-00C04F79EFBC}") = "Auth22", "Auth22\Auth22.csproj", "{25528D47-2C57-4906-AC10-6FA1F0824D4F}"
EndProject
Project("{FAE04EC0-301F-11D3-BF4B-00C04F79EFBC}") = "Cookie_Authentication", "Cookie_Authentication\Cookie_Authentication.csproj", "{86CF32B5-66F8-426A-A680-D6AA01E37D86}"
EndProject
Global
	GlobalSection(SolutionConfigurationPlatforms) = preSolution
		Debug|Any CPU = Debug|Any CPU
		Release|Any CPU = Release|Any CPU
	EndGlobalSection
	GlobalSection(ProjectConfigurationPlatforms) = postSolution
		{25528D47-2C57-4906-AC10-6FA1F0824D4F}.Debug|Any CPU.ActiveCfg = Debug|Any CPU
		{25528D47-2C57-4906-AC10-6FA1F0824D4F}.Debug|Any CPU.Build.0 = Debug|Any CPU
		{25528D47-2C57-4906-AC10-6FA1F0824D4F}.Release|Any CPU.ActiveCfg = Release|Any CPU
		{25528D47-2C57-4906-AC10-6FA1F0824D4F}.Release|Any CPU.Build.0 = Release|Any CPU
		{86CF32B5-66F8-426A-A680-D6AA01E37D86}.Debug|Any CPU.ActiveCfg = Debug|Any CPU
		{86CF32B5-66F8-426A-A680-D6AA01E37D86}.Debug|Any CPU.Build.0 = Debug|Any CPU
		{86CF32B5-66F8-426A-A680-D6AA01E37D86}.Release|Any CPU.ActiveCfg = Release|Any CPU
		{86CF32B5-66F8-426A-A680-D6AA01E37D86}.Release|Any CPU.Build.0 = Release|Any CPU
	EndGlobalSection
EndGlobal
